// !$*UTF8*$!
{
	archiveVersion = 1;
	classes = {
	};
	objectVersion = 50;
	objects = {

/* Begin PBXBuildFile section */
		AC541CF72679C26F0005F5C4 /* AppDelegate.swift in Sources */ = {isa = PBXBuildFile; fileRef = AC541CF62679C26F0005F5C4 /* AppDelegate.swift */; };
		AC541CF92679C26F0005F5C4 /* SceneDelegate.swift in Sources */ = {isa = PBXBuildFile; fileRef = AC541CF82679C26F0005F5C4 /* SceneDelegate.swift */; };
		AC541CFB2679C26F0005F5C4 /* FirstScreenViewController.swift in Sources */ = {isa = PBXBuildFile; fileRef = AC541CFA2679C26F0005F5C4 /* FirstScreenViewController.swift */; };
		AC541CFE2679C26F0005F5C4 /* Main.storyboard in Resources */ = {isa = PBXBuildFile; fileRef = AC541CFC2679C26F0005F5C4 /* Main.storyboard */; };
		AC541D002679C27D0005F5C4 /* Assets.xcassets in Resources */ = {isa = PBXBuildFile; fileRef = AC541CFF2679C27D0005F5C4 /* Assets.xcassets */; };
		AC541D032679C27D0005F5C4 /* LaunchScreen.storyboard in Resources */ = {isa = PBXBuildFile; fileRef = AC541D012679C27D0005F5C4 /* LaunchScreen.storyboard */; };
		AC541D112679CC290005F5C4 /* TableViewCell.swift in Sources */ = {isa = PBXBuildFile; fileRef = AC541D102679CC290005F5C4 /* TableViewCell.swift */; };
		AC541D142679CC480005F5C4 /* SecondScreenViewController.swift in Sources */ = {isa = PBXBuildFile; fileRef = AC541D132679CC480005F5C4 /* SecondScreenViewController.swift */; };
/* End PBXBuildFile section */

/* Begin PBXFileReference section */
		AC541CF32679C26F0005F5C4 /* GnrgySampleProject.app */ = {isa = PBXFileReference; explicitFileType = wrapper.application; includeInIndex = 0; path = GnrgySampleProject.app; sourceTree = BUILT_PRODUCTS_DIR; };
		AC541CF62679C26F0005F5C4 /* AppDelegate.swift */ = {isa = PBXFileReference; lastKnownFileType = sourcecode.swift; path = AppDelegate.swift; sourceTree = "<group>"; };
		AC541CF82679C26F0005F5C4 /* SceneDelegate.swift */ = {isa = PBXFileReference; lastKnownFileType = sourcecode.swift; path = SceneDelegate.swift; sourceTree = "<group>"; };
		AC541CFA2679C26F0005F5C4 /* FirstScreenViewController.swift */ = {isa = PBXFileReference; lastKnownFileType = sourcecode.swift; path = FirstScreenViewController.swift; sourceTree = "<group>"; };
		AC541CFD2679C26F0005F5C4 /* Base */ = {isa = PBXFileReference; lastKnownFileType = file.storyboard; name = Base; path = Base.lproj/Main.storyboard; sourceTree = "<group>"; };
		AC541CFF2679C27D0005F5C4 /* Assets.xcassets */ = {isa = PBXFileReference; lastKnownFileType = folder.assetcatalog; path = Assets.xcassets; sourceTree = "<group>"; };
		AC541D022679C27D0005F5C4 /* Base */ = {isa = PBXFileReference; lastKnownFileType = file.storyboard; name = Base; path = Base.lproj/LaunchScreen.storyboard; sourceTree = "<group>"; };
		AC541D042679C27D0005F5C4 /* Info.plist */ = {isa = PBXFileReference; lastKnownFileType = text.plist.xml; path = Info.plist; sourceTree = "<group>"; };
		AC541D102679CC290005F5C4 /* TableViewCell.swift */ = {isa = PBXFileReference; lastKnownFileType = sourcecode.swift; path = TableViewCell.swift; sourceTree = "<group>"; };
		AC541D132679CC480005F5C4 /* SecondScreenViewController.swift */ = {isa = PBXFileReference; lastKnownFileType = sourcecode.swift; path = SecondScreenViewController.swift; sourceTree = "<group>"; };
/* End PBXFileReference section */

/* Begin PBXFrameworksBuildPhase section */
		AC541CF02679C26F0005F5C4 /* Frameworks */ = {
			isa = PBXFrameworksBuildPhase;
			buildActionMask = 2147483647;
			files = (
			);
			runOnlyForDeploymentPostprocessing = 0;
		};
/* End PBXFrameworksBuildPhase section */

/* Begin PBXGroup section */
		AC541CEA2679C26F0005F5C4 = {
			isa = PBXGroup;
			children = (
				AC541CF52679C26F0005F5C4 /* GnrgySampleProject */,
				AC541CF42679C26F0005F5C4 /* Products */,
			);
			sourceTree = "<group>";
		};
		AC541CF42679C26F0005F5C4 /* Products */ = {
			isa = PBXGroup;
			children = (
				AC541CF32679C26F0005F5C4 /* GnrgySampleProject.app */,
			);
			name = Products;
			sourceTree = "<group>";
		};
		AC541CF52679C26F0005F5C4 /* GnrgySampleProject */ = {
			isa = PBXGroup;
			children = (
				AC541CF62679C26F0005F5C4 /* AppDelegate.swift */,
				AC541CF82679C26F0005F5C4 /* SceneDelegate.swift */,
				AC541CFA2679C26F0005F5C4 /* FirstScreenViewController.swift */,
				AC541D102679CC290005F5C4 /* TableViewCell.swift */,
				AC541D132679CC480005F5C4 /* SecondScreenViewController.swift */,
				AC541CFC2679C26F0005F5C4 /* Main.storyboard */,
				AC541CFF2679C27D0005F5C4 /* Assets.xcassets */,
				AC541D012679C27D0005F5C4 /* LaunchScreen.storyboard */,
				AC541D042679C27D0005F5C4 /* Info.plist */,
			);
			path = GnrgySampleProject;
			sourceTree = "<group>";
		};
/* End PBXGroup section */

/* Begin PBXNativeTarget section */
		AC541CF22679C26F0005F5C4 /* GnrgySampleProject */ = {
			isa = PBXNativeTarget;
			buildConfigurationList = AC541D072679C27D0005F5C4 /* Build configuration list for PBXNativeTarget "GnrgySampleProject" */;
			buildPhases = (
				AC541CEF2679C26F0005F5C4 /* Sources */,
				AC541CF02679C26F0005F5C4 /* Frameworks */,
				AC541CF12679C26F0005F5C4 /* Resources */,
			);
			buildRules = (
			);
			dependencies = (
			);
			name = GnrgySampleProject;
			productName = GnrgySampleProject;
			productReference = AC541CF32679C26F0005F5C4 /* GnrgySampleProject.app */;
			productType = "com.apple.product-type.application";
		};
/* End PBXNativeTarget section */

/* Begin PBXProject section */
		AC541CEB2679C26F0005F5C4 /* Project object */ = {
			isa = PBXProject;
			attributes = {
				LastSwiftUpdateCheck = 1200;
				LastUpgradeCheck = 1200;
				TargetAttributes = {
					AC541CF22679C26F0005F5C4 = {
						CreatedOnToolsVersion = 12.0.1;
					};
				};
			};
			buildConfigurationList = AC541CEE2679C26F0005F5C4 /* Build configuration list for PBXProject "GnrgySampleProject" */;
			compatibilityVersion = "Xcode 9.3";
			developmentRegion = en;
			hasScannedForEncodings = 0;
			knownRegions = (
				en,
				Base,
			);
			mainGroup = AC541CEA2679C26F0005F5C4;
			productRefGroup = AC541CF42679C26F0005F5C4 /* Products */;
			projectDirPath = "";
			projectRoot = "";
			targets = (
				AC541CF22679C26F0005F5C4 /* GnrgySampleProject */,
			);
		};
/* End PBXProject section */

/* Begin PBXResourcesBuildPhase section */
		AC541CF12679C26F0005F5C4 /* Resources */ = {
			isa = PBXResourcesBuildPhase;
			buildActionMask = 2147483647;
			files = (
				AC541D032679C27D0005F5C4 /* LaunchScreen.storyboard in Resources */,
				AC541D002679C27D0005F5C4 /* Assets.xcassets in Resources */,
				AC541CFE2679C26F0005F5C4 /* Main.storyboard in Resources */,
			);
			runOnlyForDeploymentPostprocessing = 0;
		};
/* End PBXResourcesBuildPhase section */

/* Begin PBXSourcesBuildPhase section */
		AC541CEF2679C26F0005F5C4 /* Sources */ = {
			isa = PBXSourcesBuildPhase;
			buildActionMask = 2147483647;
			files = (
				AC541CFB2679C26F0005F5C4 /* FirstScreenViewController.swift in Sources */,
				AC541D142679CC480005F5C4 /* SecondScreenViewController.swift in Sources */,
				AC541D112679CC290005F5C4 /* TableViewCell.swift in Sources */,
				AC541CF72679C26F0005F5C4 /* AppDelegate.swift in Sources */,
				AC541CF92679C26F0005F5C4 /* SceneDelegate.swift in Sources */,
			);
			runOnlyForDeploymentPostprocessing = 0;
		};
/* End PBXSourcesBuildPhase section */

/* Begin PBXVariantGroup section */
		AC541CFC2679C26F0005F5C4 /* Main.storyboard */ = {
			isa = PBXVariantGroup;
			children = (
				AC541CFD2679C26F0005F5C4 /* Base */,
			);
			name = Main.storyboard;
			sourceTree = "<group>";
		};
		AC541D012679C27D0005F5C4 /* LaunchScreen.storyboard */ = {
			isa = PBXVariantGroup;
			children = (
				AC541D022679C27D0005F5C4 /* Base */,
			);
			name = LaunchScreen.storyboard;
			sourceTree = "<group>";
		};
/* End PBXVariantGroup section */

/* Begin XCBuildConfiguration section */
		AC541D052679C27D0005F5C4 /* Debug */ = {
			isa = XCBuildConfiguration;
			buildSettings = {
				ALWAYS_SEARCH_USER_PATHS = NO;
				CLANG_ANALYZER_NONNULL = YES;
				CLANG_ANALYZER_NUMBER_OBJECT_CONVERSION = YES_AGGRESSIVE;
				CLANG_CXX_LANGUAGE_STANDARD = "gnu++14";
				CLANG_CXX_LIBRARY = "libc++";
				CLANG_ENABLE_MODULES = YES;
				CLANG_ENABLE_OBJC_ARC = YES;
				CLANG_ENABLE_OBJC_WEAK = YES;
				CLANG_WARN_BLOCK_CAPTURE_AUTORELEASING = YES;
				CLANG_WARN_BOOL_CONVERSION = YES;
				CLANG_WARN_COMMA = YES;
				CLANG_WARN_CONSTANT_CONVERSION = YES;
				CLANG_WARN_DEPRECATED_OBJC_IMPLEMENTATIONS = YES;
				CLANG_WARN_DIRECT_OBJC_ISA_USAGE = YES_ERROR;
				CLANG_WARN_DOCUMENTATION_COMMENTS = YES;
				CLANG_WARN_EMPTY_BODY = YES;
				CLANG_WARN_ENUM_CONVERSION = YES;
				CLANG_WARN_INFINITE_RECURSION = YES;
				CLANG_WARN_INT_CONVERSION = YES;
				CLANG_WARN_NON_LITERAL_NULL_CONVERSION = YES;
				CLANG_WARN_OBJC_IMPLICIT_RETAIN_SELF = YES;
				CLANG_WARN_OBJC_LITERAL_CONVERSION = YES;
				CLANG_WARN_OBJC_ROOT_CLASS = YES_ERROR;
				CLANG_WARN_QUOTED_INCLUDE_IN_FRAMEWORK_HEADER = YES;
				CLANG_WARN_RANGE_LOOP_ANALYSIS = YES;
				CLANG_WARN_STRICT_PROTOTYPES = YES;
				CLANG_WARN_SUSPICIOUS_MOVE = YES;
				CLANG_WARN_UNGUARDED_AVAILABILITY = YES_AGGRESSIVE;
				CLANG_WARN_UNREACHABLE_CODE = YES;
				CLANG_WARN__DUPLICATE_METHOD_MATCH = YES;
				COPY_PHASE_STRIP = NO;
				DEBUG_INFORMATION_FORMAT = dwarf;
				ENABLE_STRICT_OBJC_MSGSEND = YES;
				ENABLE_TESTABILITY = YES;
				GCC_C_LANGUAGE_STANDARD = gnu11;
				GCC_DYNAMIC_NO_PIC = NO;
				GCC_NO_COMMON_BLOCKS = YES;
				GCC_OPTIMIZATION_LEVEL = 0;
				GCC_PREPROCESSOR_DEFINITIONS = (
					"DEBUG=1",
					"$(inherited)",
				);
				GCC_WARN_64_TO_32_BIT_CONVERSION = YES;
				GCC_WARN_ABOUT_RETURN_TYPE = YES_ERROR;
				GCC_WARN_UNDECLARED_SELECTOR = YES;
				GCC_WARN_UNINITIALIZED_AUTOS = YES_AGGRESSIVE;
				GCC_WARN_UNUSED_FUNCTION = YES;
				GCC_WARN_UNUSED_VARIABLE = YES;
				IPHONEOS_DEPLOYMENT_TARGET = 14.0;
				MTL_ENABLE_DEBUG_INFO = INCLUDE_SOURCE;
				MTL_FAST_MATH = YES;
				ONLY_ACTIVE_ARCH = YES;
				SDKROOT = iphoneos;
				SWIFT_ACTIVE_COMPILATION_CONDITIONS = DEBUG;
				SWIFT_OPTIMIZATION_LEVEL = "-Onone";
			};
			name = Debug;
		};
		AC541D062679C27D0005F5C4 /* Release */ = {
			isa = XCBuildConfiguration;
			buildSettings = {
				ALWAYS_SEARCH_USER_PATHS = NO;
				CLANG_ANALYZER_NONNULL = YES;
				CLANG_ANALYZER_NUMBER_OBJECT_CONVERSION = YES_AGGRESSIVE;
				CLANG_CXX_LANGUAGE_STANDARD = "gnu++14";
				CLANG_CXX_LIBRARY = "libc++";
				CLANG_ENABLE_MODULES = YES;
				CLANG_ENABLE_OBJC_ARC = YES;
				CLANG_ENABLE_OBJC_WEAK = YES;
				CLANG_WARN_BLOCK_CAPTURE_AUTORELEASING = YES;
				CLANG_WARN_BOOL_CONVERSION = YES;
				CLANG_WARN_COMMA = YES;
				CLANG_WARN_CONSTANT_CONVERSION = YES;
				CLANG_WARN_DEPRECATED_OBJC_IMPLEMENTATIONS = YES;
				CLANG_WARN_DIRECT_OBJC_ISA_USAGE = YES_ERROR;
				CLANG_WARN_DOCUMENTATION_COMMENTS = YES;
				CLANG_WARN_EMPTY_BODY = YES;
				CLANG_WARN_ENUM_CONVERSION = YES;
				CLANG_WARN_INFINITE_RECURSION = YES;
				CLANG_WARN_INT_CONVERSION = YES;
				CLANG_WARN_NON_LITERAL_NULL_CONVERSION = YES;
				CLANG_WARN_OBJC_IMPLICIT_RETAIN_SELF = YES;
				CLANG_WARN_OBJC_LITERAL_CONVERSION = YES;
				CLANG_WARN_OBJC_ROOT_CLASS = YES_ERROR;
				CLANG_WARN_QUOTED_INCLUDE_IN_FRAMEWORK_HEADER = YES;
				CLANG_WARN_RANGE_LOOP_ANALYSIS = YES;
				CLANG_WARN_STRICT_PROTOTYPES = YES;
				CLANG_WARN_SUSPICIOUS_MOVE = YES;
				CLANG_WARN_UNGUARDED_AVAILABILITY = YES_AGGRESSIVE;
				CLANG_WARN_UNREACHABLE_CODE = YES;
				CLANG_WARN__DUPLICATE_METHOD_MATCH = YES;
				COPY_PHASE_STRIP = NO;
				DEBUG_INFORMATION_FORMAT = "dwarf-with-dsym";
				ENABLE_NS_ASSERTIONS = NO;
				ENABLE_STRICT_OBJC_MSGSEND = YES;
				GCC_C_LANGUAGE_STANDARD = gnu11;
				GCC_NO_COMMON_BLOCKS = YES;
				GCC_WARN_64_TO_32_BIT_CONVERSION = YES;
				GCC_WARN_ABOUT_RETURN_TYPE = YES_ERROR;
				GCC_WARN_UNDECLARED_SELECTOR = YES;
				GCC_WARN_UNINITIALIZED_AUTOS = YES_AGGRESSIVE;
				GCC_WARN_UNUSED_FUNCTION = YES;
				GCC_WARN_UNUSED_VARIABLE = YES;
				IPHONEOS_DEPLOYMENT_TARGET = 14.0;
				MTL_ENABLE_DEBUG_INFO = NO;
				MTL_FAST_MATH = YES;
				SDKROOT = iphoneos;
				SWIFT_COMPILATION_MODE = wholemodule;
				SWIFT_OPTIMIZATION_LEVEL = "-O";
				VALIDATE_PRODUCT = YES;
			};
			name = Release;
		};
		AC541D082679C27D0005F5C4 /* Debug */ = {
			isa = XCBuildConfiguration;
			buildSettings = {
				ASSETCATALOG_COMPILER_APPICON_NAME = AppIcon;
				ASSETCATALOG_COMPILER_GLOBAL_ACCENT_COLOR_NAME = AccentColor;
				CODE_SIGN_STYLE = Automatic;
				INFOPLIST_FILE = GnrgySampleProject/Info.plist;
				IPHONEOS_DEPLOYMENT_TARGET = 12.0;
				LD_RUNPATH_SEARCH_PATHS = (
					"$(inherited)",
					"@executable_path/Frameworks",
				);
				PRODUCT_BUNDLE_IDENTIFIER = com.comapany.Testing.GnrgySampleProject;
				PRODUCT_NAME = "$(TARGET_NAME)";
				SWIFT_VERSION = 5.0;
				TARGETED_DEVICE_FAMILY = "1,2";
			};
			name = Debug;
		};
		AC541D092679C27D0005F5C4 /* Release */ = {
			isa = XCBuildConfiguration;
			buildSettings = {
				ASSETCATALOG_COMPILER_APPICON_NAME = AppIcon;
				ASSETCATALOG_COMPILER_GLOBAL_ACCENT_COLOR_NAME = AccentColor;
				CODE_SIGN_STYLE = Automatic;
				INFOPLIST_FILE = GnrgySampleProject/Info.plist;
				IPHONEOS_DEPLOYMENT_TARGET = 12.0;
				LD_RUNPATH_SEARCH_PATHS = (
					"$(inherited)",
					"@executable_path/Frameworks",
				);
				PRODUCT_BUNDLE_IDENTIFIER = com.comapany.Testing.GnrgySampleProject;
				PRODUCT_NAME = "$(TARGET_NAME)";
				SWIFT_VERSION = 5.0;
				TARGETED_DEVICE_FAMILY = "1,2";
			};
			name = Release;
		};
/* End XCBuildConfiguration section */

/* Begin XCConfigurationList section */
		AC541CEE2679C26F0005F5C4 /* Build configuration list for PBXProject "GnrgySampleProject" */ = {
			isa = XCConfigurationList;
			buildConfigurations = (
				AC541D052679C27D0005F5C4 /* Debug */,
				AC541D062679C27D0005F5C4 /* Release */,
			);
			defaultConfigurationIsVisible = 0;
			defaultConfigurationName = Release;
		};
		AC541D072679C27D0005F5C4 /* Build configuration list for PBXNativeTarget "GnrgySampleProject" */ = {
			isa = XCConfigurationList;
			buildConfigurations = (
				AC541D082679C27D0005F5C4 /* Debug */,
				AC541D092679C27D0005F5C4 /* Release */,
			);
			defaultConfigurationIsVisible = 0;
			defaultConfigurationName = Release;
		};
/* End XCConfigurationList section */
	};
	rootObject = AC541CEB2679C26F0005F5C4 /* Project object */;
}
